
Microsoft Visual Studio Solution File, Format Version 12.00
# Visual Studio Version 17
VisualStudioVersion = 17.2.32616.157
MinimumVisualStudioVersion = 10.0.40219.1
Project("{FAE04EC0-301F-11D3-BF4B-00C04F79EFBC}") = "Candor.Web", "Candor.Web\Candor.Web.csproj", "{CBE32D41-E314-4F1D-AA73-D1E5B4C9F2A2}"
EndProject
Project("{FAE04EC0-301F-11D3-BF4B-00C04F79EFBC}") = "Candor.DataAccess", "Candor.DataAccess\Candor.DataAccess.csproj", "{6A96BADB-2F46-4780-9591-2A14589C5B1C}"
EndProject
Project("{FAE04EC0-301F-11D3-BF4B-00C04F79EFBC}") = "Candor.Domain", "Candor.Domain\Candor.Domain.csproj", "{F5B944A9-424F-454A-8B83-25A49B874B51}"
EndProject
Project("{FAE04EC0-301F-11D3-BF4B-00C04F79EFBC}") = "Candor.UseCases", "Candor.UseCases\Candor.UseCases.csproj", "{E3CB4427-3FB3-44A2-936F-EF02AADDBF9B}"
EndProject
Global
	GlobalSection(SolutionConfigurationPlatforms) = preSolution
		Debug|Any CPU = Debug|Any CPU
		Release|Any CPU = Release|Any CPU
	EndGlobalSection
	GlobalSection(ProjectConfigurationPlatforms) = postSolution
		{CBE32D41-E314-4F1D-AA73-D1E5B4C9F2A2}.Debug|Any CPU.ActiveCfg = Debug|Any CPU
		{CBE32D41-E314-4F1D-AA73-D1E5B4C9F2A2}.Debug|Any CPU.Build.0 = Debug|Any CPU
		{CBE32D41-E314-4F1D-AA73-D1E5B4C9F2A2}.Release|Any CPU.ActiveCfg = Release|Any CPU
		{CBE32D41-E314-4F1D-AA73-D1E5B4C9F2A2}.Release|Any CPU.Build.0 = Release|Any CPU
		{6A96BADB-2F46-4780-9591-2A14589C5B1C}.Debug|Any CPU.ActiveCfg = Debug|Any CPU
		{6A96BADB-2F46-4780-9591-2A14589C5B1C}.Debug|Any CPU.Build.0 = Debug|Any CPU
		{6A96BADB-2F46-4780-9591-2A14589C5B1C}.Release|Any CPU.ActiveCfg = Release|Any CPU
		{6A96BADB-2F46-4780-9591-2A14589C5B1C}.Release|Any CPU.Build.0 = Release|Any CPU
		{F5B944A9-424F-454A-8B83-25A49B874B51}.Debug|Any CPU.ActiveCfg = Debug|Any CPU
		{F5B944A9-424F-454A-8B83-25A49B874B51}.Debug|Any CPU.Build.0 = Debug|Any CPU
		{F5B944A9-424F-454A-8B83-25A49B874B51}.Release|Any CPU.ActiveCfg = Release|Any CPU
		{F5B944A9-424F-454A-8B83-25A49B874B51}.Release|Any CPU.Build.0 = Release|Any CPU
		{E3CB4427-3FB3-44A2-936F-EF02AADDBF9B}.Debug|Any CPU.ActiveCfg = Debug|Any CPU
		{E3CB4427-3FB3-44A2-936F-EF02AADDBF9B}.Debug|Any CPU.Build.0 = Debug|Any CPU
		{E3CB4427-3FB3-44A2-936F-EF02AADDBF9B}.Release|Any CPU.ActiveCfg = Release|Any CPU
		{E3CB4427-3FB3-44A2-936F-EF02AADDBF9B}.Release|Any CPU.Build.0 = Release|Any CPU
	EndGlobalSection
	GlobalSection(SolutionProperties) = preSolution
		HideSolutionNode = FALSE
	EndGlobalSection
	GlobalSection(ExtensibilityGlobals) = postSolution
		SolutionGuid = {E007D9FA-3D12-4A96-8866-C76A0AAF23C4}
	EndGlobalSection
EndGlobal
