
Microsoft Visual Studio Solution File, Format Version 12.00
# Visual Studio Version 17
VisualStudioVersion = 17.2.32616.157
MinimumVisualStudioVersion = 10.0.40219.1
Project("{9A19103F-16F7-4668-BE54-9A1E7A4F7556}") = "Candor.Web", "Candor.Web\Candor.Web.csproj", "{CBE32D41-E314-4F1D-AA73-D1E5B4C9F2A2}"
EndProject
Project("{9A19103F-16F7-4668-BE54-9A1E7A4F7556}") = "Candor.DataAccess", "Candor.DataAccess\Candor.DataAccess.csproj", "{6A96BADB-2F46-4780-9591-2A14589C5B1C}"
EndProject
Project("{9A19103F-16F7-4668-BE54-9A1E7A4F7556}") = "Candor.Domain", "Candor.Domain\Candor.Domain.csproj", "{F5B944A9-424F-454A-8B83-25A49B874B51}"
EndProject
Project("{9A19103F-16F7-4668-BE54-9A1E7A4F7556}") = "Candor.UseCases", "Candor.UseCases\Candor.UseCases.csproj", "{E3CB4427-3FB3-44A2-936F-EF02AADDBF9B}"
EndProject
Project("{9A19103F-16F7-4668-BE54-9A1E7A4F7556}") = "Candor.Infrastructure.Common", "Candor.Infrastructure.Common\Candor.Infrastructure.Common.csproj", "{A9D5DD07-A6F1-4F73-8BAE-495AC7CB1E5C}"
EndProject
Project("{2150E333-8FDC-42A3-9474-1A3956D46DE8}") = "SolutionFiles", "SolutionFiles", "{CF6D7DE0-DA7B-4505-AE75-2F2C0B145005}"
	ProjectSection(SolutionItems) = preProject
		.editorconfig = .editorconfig
	EndProjectSection
EndProject
Project("{2150E333-8FDC-42A3-9474-1A3956D46DE8}") = "Domain", "Domain", "{0D9D0136-A81F-40F3-83C7-2D2DB3E6BD7C}"
EndProject
Project("{2150E333-8FDC-42A3-9474-1A3956D46DE8}") = "DataAccess", "DataAccess", "{4A909E9F-1E97-4C4C-9A3F-92D86AF36781}"
EndProject
Project("{2150E333-8FDC-42A3-9474-1A3956D46DE8}") = "Application", "Application", "{7731AF65-0AC0-4E9B-9A43-E204D52B6C86}"
EndProject
Project("{2150E333-8FDC-42A3-9474-1A3956D46DE8}") = "Tests", "Tests", "{D7E8DAE0-DF7C-41DF-B5CB-6346A04A3AC1}"
EndProject
Project("{9A19103F-16F7-4668-BE54-9A1E7A4F7556}") = "Candor.IntegrationTests", "Candor.Tests\Candor.IntegrationTests.csproj", "{0FAD95C3-D0F6-48DB-8E21-8B0AB040BB3C}"
EndProject
Global
	GlobalSection(SolutionConfigurationPlatforms) = preSolution
		Debug|Any CPU = Debug|Any CPU
		Release|Any CPU = Release|Any CPU
	EndGlobalSection
	GlobalSection(ProjectConfigurationPlatforms) = postSolution
		{CBE32D41-E314-4F1D-AA73-D1E5B4C9F2A2}.Debug|Any CPU.ActiveCfg = Debug|Any CPU
		{CBE32D41-E314-4F1D-AA73-D1E5B4C9F2A2}.Debug|Any CPU.Build.0 = Debug|Any CPU
		{CBE32D41-E314-4F1D-AA73-D1E5B4C9F2A2}.Release|Any CPU.ActiveCfg = Release|Any CPU
		{CBE32D41-E314-4F1D-AA73-D1E5B4C9F2A2}.Release|Any CPU.Build.0 = Release|Any CPU
		{6A96BADB-2F46-4780-9591-2A14589C5B1C}.Debug|Any CPU.ActiveCfg = Debug|Any CPU
		{6A96BADB-2F46-4780-9591-2A14589C5B1C}.Debug|Any CPU.Build.0 = Debug|Any CPU
		{6A96BADB-2F46-4780-9591-2A14589C5B1C}.Release|Any CPU.ActiveCfg = Release|Any CPU
		{6A96BADB-2F46-4780-9591-2A14589C5B1C}.Release|Any CPU.Build.0 = Release|Any CPU
		{F5B944A9-424F-454A-8B83-25A49B874B51}.Debug|Any CPU.ActiveCfg = Debug|Any CPU
		{F5B944A9-424F-454A-8B83-25A49B874B51}.Debug|Any CPU.Build.0 = Debug|Any CPU
		{F5B944A9-424F-454A-8B83-25A49B874B51}.Release|Any CPU.ActiveCfg = Release|Any CPU
		{F5B944A9-424F-454A-8B83-25A49B874B51}.Release|Any CPU.Build.0 = Release|Any CPU
		{E3CB4427-3FB3-44A2-936F-EF02AADDBF9B}.Debug|Any CPU.ActiveCfg = Debug|Any CPU
		{E3CB4427-3FB3-44A2-936F-EF02AADDBF9B}.Debug|Any CPU.Build.0 = Debug|Any CPU
		{E3CB4427-3FB3-44A2-936F-EF02AADDBF9B}.Release|Any CPU.ActiveCfg = Release|Any CPU
		{E3CB4427-3FB3-44A2-936F-EF02AADDBF9B}.Release|Any CPU.Build.0 = Release|Any CPU
		{A9D5DD07-A6F1-4F73-8BAE-495AC7CB1E5C}.Debug|Any CPU.ActiveCfg = Debug|Any CPU
		{A9D5DD07-A6F1-4F73-8BAE-495AC7CB1E5C}.Debug|Any CPU.Build.0 = Debug|Any CPU
		{A9D5DD07-A6F1-4F73-8BAE-495AC7CB1E5C}.Release|Any CPU.ActiveCfg = Release|Any CPU
		{A9D5DD07-A6F1-4F73-8BAE-495AC7CB1E5C}.Release|Any CPU.Build.0 = Release|Any CPU
		{0FAD95C3-D0F6-48DB-8E21-8B0AB040BB3C}.Debug|Any CPU.ActiveCfg = Debug|Any CPU
		{0FAD95C3-D0F6-48DB-8E21-8B0AB040BB3C}.Debug|Any CPU.Build.0 = Debug|Any CPU
		{0FAD95C3-D0F6-48DB-8E21-8B0AB040BB3C}.Release|Any CPU.ActiveCfg = Release|Any CPU
		{0FAD95C3-D0F6-48DB-8E21-8B0AB040BB3C}.Release|Any CPU.Build.0 = Release|Any CPU
	EndGlobalSection
	GlobalSection(SolutionProperties) = preSolution
		HideSolutionNode = FALSE
	EndGlobalSection
	GlobalSection(NestedProjects) = preSolution
		{CBE32D41-E314-4F1D-AA73-D1E5B4C9F2A2} = {7731AF65-0AC0-4E9B-9A43-E204D52B6C86}
		{6A96BADB-2F46-4780-9591-2A14589C5B1C} = {4A909E9F-1E97-4C4C-9A3F-92D86AF36781}
		{F5B944A9-424F-454A-8B83-25A49B874B51} = {0D9D0136-A81F-40F3-83C7-2D2DB3E6BD7C}
		{E3CB4427-3FB3-44A2-936F-EF02AADDBF9B} = {0D9D0136-A81F-40F3-83C7-2D2DB3E6BD7C}
		{A9D5DD07-A6F1-4F73-8BAE-495AC7CB1E5C} = {0D9D0136-A81F-40F3-83C7-2D2DB3E6BD7C}
		{0FAD95C3-D0F6-48DB-8E21-8B0AB040BB3C} = {D7E8DAE0-DF7C-41DF-B5CB-6346A04A3AC1}
	EndGlobalSection
	GlobalSection(ExtensibilityGlobals) = postSolution
		SolutionGuid = {E007D9FA-3D12-4A96-8866-C76A0AAF23C4}
	EndGlobalSection
EndGlobal
